// !$*UTF8*$!
{
	archiveVersion = 1;
	classes = {
	};
	objectVersion = 51;
	objects = {

/* Begin PBXBuildFile section */
		1C59F1F72712AB330030A93B /* BillableCodeModel.swift in Sources */ = {isa = PBXBuildFile; fileRef = 1C59F1F62712AB330030A93B /* BillableCodeModel.swift */; };
		1C59F1F927136B640030A93B /* AccountManager.swift in Sources */ = {isa = PBXBuildFile; fileRef = 1C59F1F827136B640030A93B /* AccountManager.swift */; };
		1CB4867026F8EE1000A4D469 /* AppDelegate.swift in Sources */ = {isa = PBXBuildFile; fileRef = 1CB4866F26F8EE1000A4D469 /* AppDelegate.swift */; };
		1CB4867226F8EE1000A4D469 /* SceneDelegate.swift in Sources */ = {isa = PBXBuildFile; fileRef = 1CB4867126F8EE1000A4D469 /* SceneDelegate.swift */; };
		1CB4867426F8EE1000A4D469 /* ViewController.swift in Sources */ = {isa = PBXBuildFile; fileRef = 1CB4867326F8EE1000A4D469 /* ViewController.swift */; };
		1CB4867726F8EE1000A4D469 /* Main.storyboard in Resources */ = {isa = PBXBuildFile; fileRef = 1CB4867526F8EE1000A4D469 /* Main.storyboard */; };
		1CB4867926F8EE1000A4D469 /* Assets.xcassets in Resources */ = {isa = PBXBuildFile; fileRef = 1CB4867826F8EE1000A4D469 /* Assets.xcassets */; };
		1CB4867C26F8EE1000A4D469 /* LaunchScreen.storyboard in Resources */ = {isa = PBXBuildFile; fileRef = 1CB4867A26F8EE1000A4D469 /* LaunchScreen.storyboard */; };
		1CB4868726F8EE1000A4D469 /* counselor_assistantTests.swift in Sources */ = {isa = PBXBuildFile; fileRef = 1CB4868626F8EE1000A4D469 /* counselor_assistantTests.swift */; };
		1CB4869226F8EE1100A4D469 /* counselor_assistantUITests.swift in Sources */ = {isa = PBXBuildFile; fileRef = 1CB4869126F8EE1100A4D469 /* counselor_assistantUITests.swift */; };
		1CDF5ADC270954C5004967AB /* Visit.swift in Sources */ = {isa = PBXBuildFile; fileRef = 1CDF5ADB270954C5004967AB /* Visit.swift */; };
		1CDF5AE027095853004967AB /* VisitModel.swift in Sources */ = {isa = PBXBuildFile; fileRef = 1CDF5ADF27095853004967AB /* VisitModel.swift */; };
		1CEA4F1A26FCF6AF00EB4385 /* GoogleService-Info.plist in Resources */ = {isa = PBXBuildFile; fileRef = 1CEA4F1926FCF6AF00EB4385 /* GoogleService-Info.plist */; };
		1CEA4F1B26FCF6AF00EB4385 /* GoogleService-Info.plist in Resources */ = {isa = PBXBuildFile; fileRef = 1CEA4F1926FCF6AF00EB4385 /* GoogleService-Info.plist */; };
		1CEA4F1C26FCF6AF00EB4385 /* GoogleService-Info.plist in Resources */ = {isa = PBXBuildFile; fileRef = 1CEA4F1926FCF6AF00EB4385 /* GoogleService-Info.plist */; };
		524107F62713FE5F00D6F11E /* AdminViewController.swift in Sources */ = {isa = PBXBuildFile; fileRef = 524107F52713FE5F00D6F11E /* AdminViewController.swift */; };
		529E6CB6270955C400BE8D07 /* SignViewController.swift in Sources */ = {isa = PBXBuildFile; fileRef = 529E6CB5270955C400BE8D07 /* SignViewController.swift */; };
		529E6CB82709678E00BE8D07 /* AccountModel.swift in Sources */ = {isa = PBXBuildFile; fileRef = 529E6CB72709678E00BE8D07 /* AccountModel.swift */; };
		7114B53FB14675007CAB25A8 /* Pods_counselor_assistant.framework in Frameworks */ = {isa = PBXBuildFile; fileRef = DCCE7DE581E11E5840AF57B6 /* Pods_counselor_assistant.framework */; };
		A5771B14270ADD6C006216C0 /* VisitView.swift in Sources */ = {isa = PBXBuildFile; fileRef = A5771B13270ADD6C006216C0 /* VisitView.swift */; };
		AF1E5A0E5C3B0E605DBEC173 /* Pods_counselor_assistant_counselor_assistantUITests.framework in Frameworks */ = {isa = PBXBuildFile; fileRef = 92029F5E997FD5EDB96785F4 /* Pods_counselor_assistant_counselor_assistantUITests.framework */; };
		C745AAB9A220520B448A4B58 /* Pods_counselor_assistantTests.framework in Frameworks */ = {isa = PBXBuildFile; fileRef = D9229094BF45677112856D7C /* Pods_counselor_assistantTests.framework */; };
/* End PBXBuildFile section */

/* Begin PBXContainerItemProxy section */
		1CB4868326F8EE1000A4D469 /* PBXContainerItemProxy */ = {
			isa = PBXContainerItemProxy;
			containerPortal = 1CB4866426F8EE0F00A4D469 /* Project object */;
			proxyType = 1;
			remoteGlobalIDString = 1CB4866B26F8EE1000A4D469;
			remoteInfo = counselor_assistant;
		};
		1CB4868E26F8EE1100A4D469 /* PBXContainerItemProxy */ = {
			isa = PBXContainerItemProxy;
			containerPortal = 1CB4866426F8EE0F00A4D469 /* Project object */;
			proxyType = 1;
			remoteGlobalIDString = 1CB4866B26F8EE1000A4D469;
			remoteInfo = counselor_assistant;
		};
/* End PBXContainerItemProxy section */

/* Begin PBXFileReference section */
		16B2EBE82D72238F1DE7868D /* Pods-counselor_assistant.release.xcconfig */ = {isa = PBXFileReference; includeInIndex = 1; lastKnownFileType = text.xcconfig; name = "Pods-counselor_assistant.release.xcconfig"; path = "Target Support Files/Pods-counselor_assistant/Pods-counselor_assistant.release.xcconfig"; sourceTree = "<group>"; };
		1C59F1F62712AB330030A93B /* BillableCodeModel.swift */ = {isa = PBXFileReference; lastKnownFileType = sourcecode.swift; path = BillableCodeModel.swift; sourceTree = "<group>"; };
		1C59F1F827136B640030A93B /* AccountManager.swift */ = {isa = PBXFileReference; lastKnownFileType = sourcecode.swift; path = AccountManager.swift; sourceTree = "<group>"; };
		1CB4866C26F8EE1000A4D469 /* counselor_assistant.app */ = {isa = PBXFileReference; explicitFileType = wrapper.application; includeInIndex = 0; path = counselor_assistant.app; sourceTree = BUILT_PRODUCTS_DIR; };
		1CB4866F26F8EE1000A4D469 /* AppDelegate.swift */ = {isa = PBXFileReference; lastKnownFileType = sourcecode.swift; path = AppDelegate.swift; sourceTree = "<group>"; };
		1CB4867126F8EE1000A4D469 /* SceneDelegate.swift */ = {isa = PBXFileReference; lastKnownFileType = sourcecode.swift; path = SceneDelegate.swift; sourceTree = "<group>"; };
		1CB4867326F8EE1000A4D469 /* ViewController.swift */ = {isa = PBXFileReference; lastKnownFileType = sourcecode.swift; path = ViewController.swift; sourceTree = "<group>"; };
		1CB4867626F8EE1000A4D469 /* Base */ = {isa = PBXFileReference; lastKnownFileType = file.storyboard; name = Base; path = Base.lproj/Main.storyboard; sourceTree = "<group>"; };
		1CB4867826F8EE1000A4D469 /* Assets.xcassets */ = {isa = PBXFileReference; lastKnownFileType = folder.assetcatalog; path = Assets.xcassets; sourceTree = "<group>"; };
		1CB4867B26F8EE1000A4D469 /* Base */ = {isa = PBXFileReference; lastKnownFileType = file.storyboard; name = Base; path = Base.lproj/LaunchScreen.storyboard; sourceTree = "<group>"; };
		1CB4867D26F8EE1000A4D469 /* Info.plist */ = {isa = PBXFileReference; lastKnownFileType = text.plist.xml; path = Info.plist; sourceTree = "<group>"; };
		1CB4868226F8EE1000A4D469 /* counselor_assistantTests.xctest */ = {isa = PBXFileReference; explicitFileType = wrapper.cfbundle; includeInIndex = 0; path = counselor_assistantTests.xctest; sourceTree = BUILT_PRODUCTS_DIR; };
		1CB4868626F8EE1000A4D469 /* counselor_assistantTests.swift */ = {isa = PBXFileReference; lastKnownFileType = sourcecode.swift; path = counselor_assistantTests.swift; sourceTree = "<group>"; };
		1CB4868826F8EE1100A4D469 /* Info.plist */ = {isa = PBXFileReference; lastKnownFileType = text.plist.xml; path = Info.plist; sourceTree = "<group>"; };
		1CB4868D26F8EE1100A4D469 /* counselor_assistantUITests.xctest */ = {isa = PBXFileReference; explicitFileType = wrapper.cfbundle; includeInIndex = 0; path = counselor_assistantUITests.xctest; sourceTree = BUILT_PRODUCTS_DIR; };
		1CB4869126F8EE1100A4D469 /* counselor_assistantUITests.swift */ = {isa = PBXFileReference; lastKnownFileType = sourcecode.swift; path = counselor_assistantUITests.swift; sourceTree = "<group>"; };
		1CB4869326F8EE1100A4D469 /* Info.plist */ = {isa = PBXFileReference; lastKnownFileType = text.plist.xml; path = Info.plist; sourceTree = "<group>"; };
		1CDF5ADB270954C5004967AB /* Visit.swift */ = {isa = PBXFileReference; lastKnownFileType = sourcecode.swift; path = Visit.swift; sourceTree = "<group>"; };
		1CDF5ADF27095853004967AB /* VisitModel.swift */ = {isa = PBXFileReference; lastKnownFileType = sourcecode.swift; path = VisitModel.swift; sourceTree = "<group>"; };
		1CEA4F1926FCF6AF00EB4385 /* GoogleService-Info.plist */ = {isa = PBXFileReference; fileEncoding = 4; lastKnownFileType = text.plist.xml; path = "GoogleService-Info.plist"; sourceTree = "<group>"; };
		46057039AB9C79C668994C01 /* Pods-counselor_assistantTests.debug.xcconfig */ = {isa = PBXFileReference; includeInIndex = 1; lastKnownFileType = text.xcconfig; name = "Pods-counselor_assistantTests.debug.xcconfig"; path = "Target Support Files/Pods-counselor_assistantTests/Pods-counselor_assistantTests.debug.xcconfig"; sourceTree = "<group>"; };
		524107F52713FE5F00D6F11E /* AdminViewController.swift */ = {isa = PBXFileReference; lastKnownFileType = sourcecode.swift; path = AdminViewController.swift; sourceTree = "<group>"; };
		529E6CB5270955C400BE8D07 /* SignViewController.swift */ = {isa = PBXFileReference; lastKnownFileType = sourcecode.swift; path = SignViewController.swift; sourceTree = "<group>"; };
		529E6CB72709678E00BE8D07 /* AccountModel.swift */ = {isa = PBXFileReference; lastKnownFileType = sourcecode.swift; path = AccountModel.swift; sourceTree = "<group>"; };
		645F2F44FD052CF48D259B60 /* Pods-counselor_assistantTests.release.xcconfig */ = {isa = PBXFileReference; includeInIndex = 1; lastKnownFileType = text.xcconfig; name = "Pods-counselor_assistantTests.release.xcconfig"; path = "Target Support Files/Pods-counselor_assistantTests/Pods-counselor_assistantTests.release.xcconfig"; sourceTree = "<group>"; };
		92029F5E997FD5EDB96785F4 /* Pods_counselor_assistant_counselor_assistantUITests.framework */ = {isa = PBXFileReference; explicitFileType = wrapper.framework; includeInIndex = 0; path = Pods_counselor_assistant_counselor_assistantUITests.framework; sourceTree = BUILT_PRODUCTS_DIR; };
		966D5710AC5C99A5B7BA7B06 /* Pods-counselor_assistant-counselor_assistantUITests.release.xcconfig */ = {isa = PBXFileReference; includeInIndex = 1; lastKnownFileType = text.xcconfig; name = "Pods-counselor_assistant-counselor_assistantUITests.release.xcconfig"; path = "Target Support Files/Pods-counselor_assistant-counselor_assistantUITests/Pods-counselor_assistant-counselor_assistantUITests.release.xcconfig"; sourceTree = "<group>"; };
		A08DE76E122548A29C2F626C /* Pods-counselor_assistant-counselor_assistantUITests.debug.xcconfig */ = {isa = PBXFileReference; includeInIndex = 1; lastKnownFileType = text.xcconfig; name = "Pods-counselor_assistant-counselor_assistantUITests.debug.xcconfig"; path = "Target Support Files/Pods-counselor_assistant-counselor_assistantUITests/Pods-counselor_assistant-counselor_assistantUITests.debug.xcconfig"; sourceTree = "<group>"; };
		A5771B13270ADD6C006216C0 /* VisitView.swift */ = {isa = PBXFileReference; lastKnownFileType = sourcecode.swift; path = VisitView.swift; sourceTree = "<group>"; };
		D9229094BF45677112856D7C /* Pods_counselor_assistantTests.framework */ = {isa = PBXFileReference; explicitFileType = wrapper.framework; includeInIndex = 0; path = Pods_counselor_assistantTests.framework; sourceTree = BUILT_PRODUCTS_DIR; };
		DCCE7DE581E11E5840AF57B6 /* Pods_counselor_assistant.framework */ = {isa = PBXFileReference; explicitFileType = wrapper.framework; includeInIndex = 0; path = Pods_counselor_assistant.framework; sourceTree = BUILT_PRODUCTS_DIR; };
		F17537894073F7B7FA55A122 /* Pods-counselor_assistant.debug.xcconfig */ = {isa = PBXFileReference; includeInIndex = 1; lastKnownFileType = text.xcconfig; name = "Pods-counselor_assistant.debug.xcconfig"; path = "Target Support Files/Pods-counselor_assistant/Pods-counselor_assistant.debug.xcconfig"; sourceTree = "<group>"; };
/* End PBXFileReference section */

/* Begin PBXFrameworksBuildPhase section */
		1CB4866926F8EE1000A4D469 /* Frameworks */ = {
			isa = PBXFrameworksBuildPhase;
			buildActionMask = 2147483647;
			files = (
				7114B53FB14675007CAB25A8 /* Pods_counselor_assistant.framework in Frameworks */,
			);
			runOnlyForDeploymentPostprocessing = 0;
		};
		1CB4867F26F8EE1000A4D469 /* Frameworks */ = {
			isa = PBXFrameworksBuildPhase;
			buildActionMask = 2147483647;
			files = (
				C745AAB9A220520B448A4B58 /* Pods_counselor_assistantTests.framework in Frameworks */,
			);
			runOnlyForDeploymentPostprocessing = 0;
		};
		1CB4868A26F8EE1100A4D469 /* Frameworks */ = {
			isa = PBXFrameworksBuildPhase;
			buildActionMask = 2147483647;
			files = (
				AF1E5A0E5C3B0E605DBEC173 /* Pods_counselor_assistant_counselor_assistantUITests.framework in Frameworks */,
			);
			runOnlyForDeploymentPostprocessing = 0;
		};
/* End PBXFrameworksBuildPhase section */

/* Begin PBXGroup section */
		1CB4866326F8EE0F00A4D469 = {
			isa = PBXGroup;
			children = (
				1CB4866E26F8EE1000A4D469 /* counselor_assistant */,
				1CB4868526F8EE1000A4D469 /* counselor_assistantTests */,
				1CB4869026F8EE1100A4D469 /* counselor_assistantUITests */,
				1CB4866D26F8EE1000A4D469 /* Products */,
				4914D7971B20C7A721458D4C /* Pods */,
				DAD875E5D436A2F38A814110 /* Frameworks */,
			);
			sourceTree = "<group>";
		};
		1CB4866D26F8EE1000A4D469 /* Products */ = {
			isa = PBXGroup;
			children = (
				1CB4866C26F8EE1000A4D469 /* counselor_assistant.app */,
				1CB4868226F8EE1000A4D469 /* counselor_assistantTests.xctest */,
				1CB4868D26F8EE1100A4D469 /* counselor_assistantUITests.xctest */,
			);
			name = Products;
			sourceTree = "<group>";
		};
		1CB4866E26F8EE1000A4D469 /* counselor_assistant */ = {
			isa = PBXGroup;
			children = (
				1CEA4F1926FCF6AF00EB4385 /* GoogleService-Info.plist */,
				1CB4867126F8EE1000A4D469 /* SceneDelegate.swift */,
				1CB4866F26F8EE1000A4D469 /* AppDelegate.swift */,
				529E6CB22709392500BE8D07 /* Model */,
				529E6CB42709393600BE8D07 /* Controller */,
				529E6CB32709392F00BE8D07 /* View */,
				1CB4867826F8EE1000A4D469 /* Assets.xcassets */,
				1CB4867A26F8EE1000A4D469 /* LaunchScreen.storyboard */,
				1CB4867D26F8EE1000A4D469 /* Info.plist */,
			);
			path = counselor_assistant;
			sourceTree = "<group>";
		};
		1CB4868526F8EE1000A4D469 /* counselor_assistantTests */ = {
			isa = PBXGroup;
			children = (
				1CB4868626F8EE1000A4D469 /* counselor_assistantTests.swift */,
				1CB4868826F8EE1100A4D469 /* Info.plist */,
			);
			path = counselor_assistantTests;
			sourceTree = "<group>";
		};
		1CB4869026F8EE1100A4D469 /* counselor_assistantUITests */ = {
			isa = PBXGroup;
			children = (
				1CB4869126F8EE1100A4D469 /* counselor_assistantUITests.swift */,
				1CB4869326F8EE1100A4D469 /* Info.plist */,
			);
			path = counselor_assistantUITests;
			sourceTree = "<group>";
		};
		4914D7971B20C7A721458D4C /* Pods */ = {
			isa = PBXGroup;
			children = (
				F17537894073F7B7FA55A122 /* Pods-counselor_assistant.debug.xcconfig */,
				16B2EBE82D72238F1DE7868D /* Pods-counselor_assistant.release.xcconfig */,
				A08DE76E122548A29C2F626C /* Pods-counselor_assistant-counselor_assistantUITests.debug.xcconfig */,
				966D5710AC5C99A5B7BA7B06 /* Pods-counselor_assistant-counselor_assistantUITests.release.xcconfig */,
				46057039AB9C79C668994C01 /* Pods-counselor_assistantTests.debug.xcconfig */,
				645F2F44FD052CF48D259B60 /* Pods-counselor_assistantTests.release.xcconfig */,
			);
			path = Pods;
			sourceTree = "<group>";
		};
		529E6CB22709392500BE8D07 /* Model */ = {
			isa = PBXGroup;
			children = (
				1CDF5ADB270954C5004967AB /* Visit.swift */,
				1CDF5ADF27095853004967AB /* VisitModel.swift */,
				529E6CB72709678E00BE8D07 /* AccountModel.swift */,
				1C59F1F62712AB330030A93B /* BillableCodeModel.swift */,
				1C59F1F827136B640030A93B /* AccountManager.swift */,
			);
			path = Model;
			sourceTree = "<group>";
		};
		529E6CB32709392F00BE8D07 /* View */ = {
			isa = PBXGroup;
			children = (
				1CB4867526F8EE1000A4D469 /* Main.storyboard */,
			);
			path = View;
			sourceTree = "<group>";
		};
		529E6CB42709393600BE8D07 /* Controller */ = {
			isa = PBXGroup;
			children = (
				1CB4867326F8EE1000A4D469 /* ViewController.swift */,
				529E6CB5270955C400BE8D07 /* SignViewController.swift */,
				A5771B13270ADD6C006216C0 /* VisitView.swift */,
				524107F52713FE5F00D6F11E /* AdminViewController.swift */,
			);
			path = Controller;
			sourceTree = "<group>";
		};
		DAD875E5D436A2F38A814110 /* Frameworks */ = {
			isa = PBXGroup;
			children = (
				DCCE7DE581E11E5840AF57B6 /* Pods_counselor_assistant.framework */,
				92029F5E997FD5EDB96785F4 /* Pods_counselor_assistant_counselor_assistantUITests.framework */,
				D9229094BF45677112856D7C /* Pods_counselor_assistantTests.framework */,
			);
			name = Frameworks;
			sourceTree = "<group>";
		};
/* End PBXGroup section */

/* Begin PBXNativeTarget section */
		1CB4866B26F8EE1000A4D469 /* counselor_assistant */ = {
			isa = PBXNativeTarget;
			buildConfigurationList = 1CB4869626F8EE1100A4D469 /* Build configuration list for PBXNativeTarget "counselor_assistant" */;
			buildPhases = (
				103B65329A93E30D85E767B5 /* [CP] Check Pods Manifest.lock */,
				1CB4866826F8EE1000A4D469 /* Sources */,
				1CB4866926F8EE1000A4D469 /* Frameworks */,
				1CB4866A26F8EE1000A4D469 /* Resources */,
				20A93807ADC2E8196ED38F23 /* [CP] Embed Pods Frameworks */,
				DC31C4C37A5834F2022619CE /* [CP] Copy Pods Resources */,
			);
			buildRules = (
			);
			dependencies = (
			);
			name = counselor_assistant;
			packageProductDependencies = (
			);
			productName = counselor_assistant;
			productReference = 1CB4866C26F8EE1000A4D469 /* counselor_assistant.app */;
			productType = "com.apple.product-type.application";
		};
		1CB4868126F8EE1000A4D469 /* counselor_assistantTests */ = {
			isa = PBXNativeTarget;
			buildConfigurationList = 1CB4869926F8EE1100A4D469 /* Build configuration list for PBXNativeTarget "counselor_assistantTests" */;
			buildPhases = (
				82DE0D742840BD30041A5DD6 /* [CP] Check Pods Manifest.lock */,
				1CB4867E26F8EE1000A4D469 /* Sources */,
				1CB4867F26F8EE1000A4D469 /* Frameworks */,
				1CB4868026F8EE1000A4D469 /* Resources */,
			);
			buildRules = (
			);
			dependencies = (
				1CB4868426F8EE1000A4D469 /* PBXTargetDependency */,
			);
			name = counselor_assistantTests;
			productName = counselor_assistantTests;
			productReference = 1CB4868226F8EE1000A4D469 /* counselor_assistantTests.xctest */;
			productType = "com.apple.product-type.bundle.unit-test";
		};
		1CB4868C26F8EE1100A4D469 /* counselor_assistantUITests */ = {
			isa = PBXNativeTarget;
			buildConfigurationList = 1CB4869C26F8EE1100A4D469 /* Build configuration list for PBXNativeTarget "counselor_assistantUITests" */;
			buildPhases = (
				E4C0FE61ACC48EB39EA97828 /* [CP] Check Pods Manifest.lock */,
				1CB4868926F8EE1100A4D469 /* Sources */,
				1CB4868A26F8EE1100A4D469 /* Frameworks */,
				1CB4868B26F8EE1100A4D469 /* Resources */,
				F075DB7FAC549B7CBD3F024D /* [CP] Embed Pods Frameworks */,
				3B7E41A19EFB2799B6027A80 /* [CP] Copy Pods Resources */,
			);
			buildRules = (
			);
			dependencies = (
				1CB4868F26F8EE1100A4D469 /* PBXTargetDependency */,
			);
			name = counselor_assistantUITests;
			productName = counselor_assistantUITests;
			productReference = 1CB4868D26F8EE1100A4D469 /* counselor_assistantUITests.xctest */;
			productType = "com.apple.product-type.bundle.ui-testing";
		};
/* End PBXNativeTarget section */

/* Begin PBXProject section */
		1CB4866426F8EE0F00A4D469 /* Project object */ = {
			isa = PBXProject;
			attributes = {
				LastSwiftUpdateCheck = 1250;
				LastUpgradeCheck = 1250;
				TargetAttributes = {
					1CB4866B26F8EE1000A4D469 = {
						CreatedOnToolsVersion = 12.5.1;
					};
					1CB4868126F8EE1000A4D469 = {
						CreatedOnToolsVersion = 12.5.1;
						TestTargetID = 1CB4866B26F8EE1000A4D469;
					};
					1CB4868C26F8EE1100A4D469 = {
						CreatedOnToolsVersion = 12.5.1;
						TestTargetID = 1CB4866B26F8EE1000A4D469;
					};
				};
			};
			buildConfigurationList = 1CB4866726F8EE0F00A4D469 /* Build configuration list for PBXProject "counselor_assistant" */;
			compatibilityVersion = "Xcode 9.3";
			developmentRegion = en;
			hasScannedForEncodings = 0;
			knownRegions = (
				en,
				Base,
			);
			mainGroup = 1CB4866326F8EE0F00A4D469;
			packageReferences = (
			);
			productRefGroup = 1CB4866D26F8EE1000A4D469 /* Products */;
			projectDirPath = "";
			projectRoot = "";
			targets = (
				1CB4866B26F8EE1000A4D469 /* counselor_assistant */,
				1CB4868126F8EE1000A4D469 /* counselor_assistantTests */,
				1CB4868C26F8EE1100A4D469 /* counselor_assistantUITests */,
			);
		};
/* End PBXProject section */

/* Begin PBXResourcesBuildPhase section */
		1CB4866A26F8EE1000A4D469 /* Resources */ = {
			isa = PBXResourcesBuildPhase;
			buildActionMask = 2147483647;
			files = (
				1CB4867C26F8EE1000A4D469 /* LaunchScreen.storyboard in Resources */,
				1CEA4F1A26FCF6AF00EB4385 /* GoogleService-Info.plist in Resources */,
				1CB4867926F8EE1000A4D469 /* Assets.xcassets in Resources */,
				1CB4867726F8EE1000A4D469 /* Main.storyboard in Resources */,
			);
			runOnlyForDeploymentPostprocessing = 0;
		};
		1CB4868026F8EE1000A4D469 /* Resources */ = {
			isa = PBXResourcesBuildPhase;
			buildActionMask = 2147483647;
			files = (
				1CEA4F1B26FCF6AF00EB4385 /* GoogleService-Info.plist in Resources */,
			);
			runOnlyForDeploymentPostprocessing = 0;
		};
		1CB4868B26F8EE1100A4D469 /* Resources */ = {
			isa = PBXResourcesBuildPhase;
			buildActionMask = 2147483647;
			files = (
				1CEA4F1C26FCF6AF00EB4385 /* GoogleService-Info.plist in Resources */,
			);
			runOnlyForDeploymentPostprocessing = 0;
		};
/* End PBXResourcesBuildPhase section */

/* Begin PBXShellScriptBuildPhase section */
		103B65329A93E30D85E767B5 /* [CP] Check Pods Manifest.lock */ = {
			isa = PBXShellScriptBuildPhase;
			buildActionMask = 2147483647;
			files = (
			);
			inputFileListPaths = (
			);
			inputPaths = (
				"${PODS_PODFILE_DIR_PATH}/Podfile.lock",
				"${PODS_ROOT}/Manifest.lock",
			);
			name = "[CP] Check Pods Manifest.lock";
			outputFileListPaths = (
			);
			outputPaths = (
				"$(DERIVED_FILE_DIR)/Pods-counselor_assistant-checkManifestLockResult.txt",
			);
			runOnlyForDeploymentPostprocessing = 0;
			shellPath = /bin/sh;
			shellScript = "diff \"${PODS_PODFILE_DIR_PATH}/Podfile.lock\" \"${PODS_ROOT}/Manifest.lock\" > /dev/null\nif [ $? != 0 ] ; then\n    # print error to STDERR\n    echo \"error: The sandbox is not in sync with the Podfile.lock. Run 'pod install' or update your CocoaPods installation.\" >&2\n    exit 1\nfi\n# This output is used by Xcode 'outputs' to avoid re-running this script phase.\necho \"SUCCESS\" > \"${SCRIPT_OUTPUT_FILE_0}\"\n";
			showEnvVarsInLog = 0;
		};
		20A93807ADC2E8196ED38F23 /* [CP] Embed Pods Frameworks */ = {
			isa = PBXShellScriptBuildPhase;
			buildActionMask = 2147483647;
			files = (
			);
			inputFileListPaths = (
				"${PODS_ROOT}/Target Support Files/Pods-counselor_assistant/Pods-counselor_assistant-frameworks-${CONFIGURATION}-input-files.xcfilelist",
			);
			name = "[CP] Embed Pods Frameworks";
			outputFileListPaths = (
				"${PODS_ROOT}/Target Support Files/Pods-counselor_assistant/Pods-counselor_assistant-frameworks-${CONFIGURATION}-output-files.xcfilelist",
			);
			runOnlyForDeploymentPostprocessing = 0;
			shellPath = /bin/sh;
			shellScript = "\"${PODS_ROOT}/Target Support Files/Pods-counselor_assistant/Pods-counselor_assistant-frameworks.sh\"\n";
			showEnvVarsInLog = 0;
		};
		3B7E41A19EFB2799B6027A80 /* [CP] Copy Pods Resources */ = {
			isa = PBXShellScriptBuildPhase;
			buildActionMask = 2147483647;
			files = (
			);
			inputFileListPaths = (
				"${PODS_ROOT}/Target Support Files/Pods-counselor_assistant-counselor_assistantUITests/Pods-counselor_assistant-counselor_assistantUITests-resources-${CONFIGURATION}-input-files.xcfilelist",
			);
			name = "[CP] Copy Pods Resources";
			outputFileListPaths = (
				"${PODS_ROOT}/Target Support Files/Pods-counselor_assistant-counselor_assistantUITests/Pods-counselor_assistant-counselor_assistantUITests-resources-${CONFIGURATION}-output-files.xcfilelist",
			);
			runOnlyForDeploymentPostprocessing = 0;
			shellPath = /bin/sh;
			shellScript = "\"${PODS_ROOT}/Target Support Files/Pods-counselor_assistant-counselor_assistantUITests/Pods-counselor_assistant-counselor_assistantUITests-resources.sh\"\n";
			showEnvVarsInLog = 0;
		};
		82DE0D742840BD30041A5DD6 /* [CP] Check Pods Manifest.lock */ = {
			isa = PBXShellScriptBuildPhase;
			buildActionMask = 2147483647;
			files = (
			);
			inputFileListPaths = (
			);
			inputPaths = (
				"${PODS_PODFILE_DIR_PATH}/Podfile.lock",
				"${PODS_ROOT}/Manifest.lock",
			);
			name = "[CP] Check Pods Manifest.lock";
			outputFileListPaths = (
			);
			outputPaths = (
				"$(DERIVED_FILE_DIR)/Pods-counselor_assistantTests-checkManifestLockResult.txt",
			);
			runOnlyForDeploymentPostprocessing = 0;
			shellPath = /bin/sh;
			shellScript = "diff \"${PODS_PODFILE_DIR_PATH}/Podfile.lock\" \"${PODS_ROOT}/Manifest.lock\" > /dev/null\nif [ $? != 0 ] ; then\n    # print error to STDERR\n    echo \"error: The sandbox is not in sync with the Podfile.lock. Run 'pod install' or update your CocoaPods installation.\" >&2\n    exit 1\nfi\n# This output is used by Xcode 'outputs' to avoid re-running this script phase.\necho \"SUCCESS\" > \"${SCRIPT_OUTPUT_FILE_0}\"\n";
			showEnvVarsInLog = 0;
		};
		DC31C4C37A5834F2022619CE /* [CP] Copy Pods Resources */ = {
			isa = PBXShellScriptBuildPhase;
			buildActionMask = 2147483647;
			files = (
			);
			inputFileListPaths = (
				"${PODS_ROOT}/Target Support Files/Pods-counselor_assistant/Pods-counselor_assistant-resources-${CONFIGURATION}-input-files.xcfilelist",
			);
			name = "[CP] Copy Pods Resources";
			outputFileListPaths = (
				"${PODS_ROOT}/Target Support Files/Pods-counselor_assistant/Pods-counselor_assistant-resources-${CONFIGURATION}-output-files.xcfilelist",
			);
			runOnlyForDeploymentPostprocessing = 0;
			shellPath = /bin/sh;
			shellScript = "\"${PODS_ROOT}/Target Support Files/Pods-counselor_assistant/Pods-counselor_assistant-resources.sh\"\n";
			showEnvVarsInLog = 0;
		};
		E4C0FE61ACC48EB39EA97828 /* [CP] Check Pods Manifest.lock */ = {
			isa = PBXShellScriptBuildPhase;
			buildActionMask = 2147483647;
			files = (
			);
			inputFileListPaths = (
			);
			inputPaths = (
				"${PODS_PODFILE_DIR_PATH}/Podfile.lock",
				"${PODS_ROOT}/Manifest.lock",
			);
			name = "[CP] Check Pods Manifest.lock";
			outputFileListPaths = (
			);
			outputPaths = (
				"$(DERIVED_FILE_DIR)/Pods-counselor_assistant-counselor_assistantUITests-checkManifestLockResult.txt",
			);
			runOnlyForDeploymentPostprocessing = 0;
			shellPath = /bin/sh;
			shellScript = "diff \"${PODS_PODFILE_DIR_PATH}/Podfile.lock\" \"${PODS_ROOT}/Manifest.lock\" > /dev/null\nif [ $? != 0 ] ; then\n    # print error to STDERR\n    echo \"error: The sandbox is not in sync with the Podfile.lock. Run 'pod install' or update your CocoaPods installation.\" >&2\n    exit 1\nfi\n# This output is used by Xcode 'outputs' to avoid re-running this script phase.\necho \"SUCCESS\" > \"${SCRIPT_OUTPUT_FILE_0}\"\n";
			showEnvVarsInLog = 0;
		};
		F075DB7FAC549B7CBD3F024D /* [CP] Embed Pods Frameworks */ = {
			isa = PBXShellScriptBuildPhase;
			buildActionMask = 2147483647;
			files = (
			);
			inputFileListPaths = (
				"${PODS_ROOT}/Target Support Files/Pods-counselor_assistant-counselor_assistantUITests/Pods-counselor_assistant-counselor_assistantUITests-frameworks-${CONFIGURATION}-input-files.xcfilelist",
			);
			name = "[CP] Embed Pods Frameworks";
			outputFileListPaths = (
				"${PODS_ROOT}/Target Support Files/Pods-counselor_assistant-counselor_assistantUITests/Pods-counselor_assistant-counselor_assistantUITests-frameworks-${CONFIGURATION}-output-files.xcfilelist",
			);
			runOnlyForDeploymentPostprocessing = 0;
			shellPath = /bin/sh;
			shellScript = "\"${PODS_ROOT}/Target Support Files/Pods-counselor_assistant-counselor_assistantUITests/Pods-counselor_assistant-counselor_assistantUITests-frameworks.sh\"\n";
			showEnvVarsInLog = 0;
		};
/* End PBXShellScriptBuildPhase section */

/* Begin PBXSourcesBuildPhase section */
		1CB4866826F8EE1000A4D469 /* Sources */ = {
			isa = PBXSourcesBuildPhase;
			buildActionMask = 2147483647;
			files = (
				524107F62713FE5F00D6F11E /* AdminViewController.swift in Sources */,
				1CDF5ADC270954C5004967AB /* Visit.swift in Sources */,
				1C59F1F72712AB330030A93B /* BillableCodeModel.swift in Sources */,
				529E6CB82709678E00BE8D07 /* AccountModel.swift in Sources */,
				1CB4867426F8EE1000A4D469 /* ViewController.swift in Sources */,
				529E6CB6270955C400BE8D07 /* SignViewController.swift in Sources */,
				1C59F1F927136B640030A93B /* AccountManager.swift in Sources */,
				A5771B14270ADD6C006216C0 /* VisitView.swift in Sources */,
				1CB4867026F8EE1000A4D469 /* AppDelegate.swift in Sources */,
				1CB4867226F8EE1000A4D469 /* SceneDelegate.swift in Sources */,
				1CDF5AE027095853004967AB /* VisitModel.swift in Sources */,
			);
			runOnlyForDeploymentPostprocessing = 0;
		};
		1CB4867E26F8EE1000A4D469 /* Sources */ = {
			isa = PBXSourcesBuildPhase;
			buildActionMask = 2147483647;
			files = (
				1CB4868726F8EE1000A4D469 /* counselor_assistantTests.swift in Sources */,
			);
			runOnlyForDeploymentPostprocessing = 0;
		};
		1CB4868926F8EE1100A4D469 /* Sources */ = {
			isa = PBXSourcesBuildPhase;
			buildActionMask = 2147483647;
			files = (
				1CB4869226F8EE1100A4D469 /* counselor_assistantUITests.swift in Sources */,
			);
			runOnlyForDeploymentPostprocessing = 0;
		};
/* End PBXSourcesBuildPhase section */

/* Begin PBXTargetDependency section */
		1CB4868426F8EE1000A4D469 /* PBXTargetDependency */ = {
			isa = PBXTargetDependency;
			target = 1CB4866B26F8EE1000A4D469 /* counselor_assistant */;
			targetProxy = 1CB4868326F8EE1000A4D469 /* PBXContainerItemProxy */;
		};
		1CB4868F26F8EE1100A4D469 /* PBXTargetDependency */ = {
			isa = PBXTargetDependency;
			target = 1CB4866B26F8EE1000A4D469 /* counselor_assistant */;
			targetProxy = 1CB4868E26F8EE1100A4D469 /* PBXContainerItemProxy */;
		};
/* End PBXTargetDependency section */

/* Begin PBXVariantGroup section */
		1CB4867526F8EE1000A4D469 /* Main.storyboard */ = {
			isa = PBXVariantGroup;
			children = (
				1CB4867626F8EE1000A4D469 /* Base */,
			);
			name = Main.storyboard;
			sourceTree = "<group>";
		};
		1CB4867A26F8EE1000A4D469 /* LaunchScreen.storyboard */ = {
			isa = PBXVariantGroup;
			children = (
				1CB4867B26F8EE1000A4D469 /* Base */,
			);
			name = LaunchScreen.storyboard;
			sourceTree = "<group>";
		};
/* End PBXVariantGroup section */

/* Begin XCBuildConfiguration section */
		1CB4869426F8EE1100A4D469 /* Debug */ = {
			isa = XCBuildConfiguration;
			buildSettings = {
				ALWAYS_SEARCH_USER_PATHS = NO;
				CLANG_ANALYZER_NONNULL = YES;
				CLANG_ANALYZER_NUMBER_OBJECT_CONVERSION = YES_AGGRESSIVE;
				CLANG_CXX_LANGUAGE_STANDARD = "gnu++14";
				CLANG_CXX_LIBRARY = "libc++";
				CLANG_ENABLE_MODULES = YES;
				CLANG_ENABLE_OBJC_ARC = YES;
				CLANG_ENABLE_OBJC_WEAK = YES;
				CLANG_WARN_BLOCK_CAPTURE_AUTORELEASING = YES;
				CLANG_WARN_BOOL_CONVERSION = YES;
				CLANG_WARN_COMMA = YES;
				CLANG_WARN_CONSTANT_CONVERSION = YES;
				CLANG_WARN_DEPRECATED_OBJC_IMPLEMENTATIONS = YES;
				CLANG_WARN_DIRECT_OBJC_ISA_USAGE = YES_ERROR;
				CLANG_WARN_DOCUMENTATION_COMMENTS = YES;
				CLANG_WARN_EMPTY_BODY = YES;
				CLANG_WARN_ENUM_CONVERSION = YES;
				CLANG_WARN_INFINITE_RECURSION = YES;
				CLANG_WARN_INT_CONVERSION = YES;
				CLANG_WARN_NON_LITERAL_NULL_CONVERSION = YES;
				CLANG_WARN_OBJC_IMPLICIT_RETAIN_SELF = YES;
				CLANG_WARN_OBJC_LITERAL_CONVERSION = YES;
				CLANG_WARN_OBJC_ROOT_CLASS = YES_ERROR;
				CLANG_WARN_QUOTED_INCLUDE_IN_FRAMEWORK_HEADER = YES;
				CLANG_WARN_RANGE_LOOP_ANALYSIS = YES;
				CLANG_WARN_STRICT_PROTOTYPES = YES;
				CLANG_WARN_SUSPICIOUS_MOVE = YES;
				CLANG_WARN_UNGUARDED_AVAILABILITY = YES_AGGRESSIVE;
				CLANG_WARN_UNREACHABLE_CODE = YES;
				CLANG_WARN__DUPLICATE_METHOD_MATCH = YES;
				COPY_PHASE_STRIP = NO;
				DEBUG_INFORMATION_FORMAT = dwarf;
				ENABLE_STRICT_OBJC_MSGSEND = YES;
				ENABLE_TESTABILITY = YES;
				GCC_C_LANGUAGE_STANDARD = gnu11;
				GCC_DYNAMIC_NO_PIC = NO;
				GCC_NO_COMMON_BLOCKS = YES;
				GCC_OPTIMIZATION_LEVEL = 0;
				GCC_PREPROCESSOR_DEFINITIONS = (
					"DEBUG=1",
					"$(inherited)",
				);
				GCC_WARN_64_TO_32_BIT_CONVERSION = YES;
				GCC_WARN_ABOUT_RETURN_TYPE = YES_ERROR;
				GCC_WARN_UNDECLARED_SELECTOR = YES;
				GCC_WARN_UNINITIALIZED_AUTOS = YES_AGGRESSIVE;
				GCC_WARN_UNUSED_FUNCTION = YES;
				GCC_WARN_UNUSED_VARIABLE = YES;
				IPHONEOS_DEPLOYMENT_TARGET = 14.1;
				MTL_ENABLE_DEBUG_INFO = INCLUDE_SOURCE;
				MTL_FAST_MATH = YES;
				ONLY_ACTIVE_ARCH = YES;
				SDKROOT = iphoneos;
				SWIFT_ACTIVE_COMPILATION_CONDITIONS = DEBUG;
				SWIFT_OPTIMIZATION_LEVEL = "-Onone";
			};
			name = Debug;
		};
		1CB4869526F8EE1100A4D469 /* Release */ = {
			isa = XCBuildConfiguration;
			buildSettings = {
				ALWAYS_SEARCH_USER_PATHS = NO;
				CLANG_ANALYZER_NONNULL = YES;
				CLANG_ANALYZER_NUMBER_OBJECT_CONVERSION = YES_AGGRESSIVE;
				CLANG_CXX_LANGUAGE_STANDARD = "gnu++14";
				CLANG_CXX_LIBRARY = "libc++";
				CLANG_ENABLE_MODULES = YES;
				CLANG_ENABLE_OBJC_ARC = YES;
				CLANG_ENABLE_OBJC_WEAK = YES;
				CLANG_WARN_BLOCK_CAPTURE_AUTORELEASING = YES;
				CLANG_WARN_BOOL_CONVERSION = YES;
				CLANG_WARN_COMMA = YES;
				CLANG_WARN_CONSTANT_CONVERSION = YES;
				CLANG_WARN_DEPRECATED_OBJC_IMPLEMENTATIONS = YES;
				CLANG_WARN_DIRECT_OBJC_ISA_USAGE = YES_ERROR;
				CLANG_WARN_DOCUMENTATION_COMMENTS = YES;
				CLANG_WARN_EMPTY_BODY = YES;
				CLANG_WARN_ENUM_CONVERSION = YES;
				CLANG_WARN_INFINITE_RECURSION = YES;
				CLANG_WARN_INT_CONVERSION = YES;
				CLANG_WARN_NON_LITERAL_NULL_CONVERSION = YES;
				CLANG_WARN_OBJC_IMPLICIT_RETAIN_SELF = YES;
				CLANG_WARN_OBJC_LITERAL_CONVERSION = YES;
				CLANG_WARN_OBJC_ROOT_CLASS = YES_ERROR;
				CLANG_WARN_QUOTED_INCLUDE_IN_FRAMEWORK_HEADER = YES;
				CLANG_WARN_RANGE_LOOP_ANALYSIS = YES;
				CLANG_WARN_STRICT_PROTOTYPES = YES;
				CLANG_WARN_SUSPICIOUS_MOVE = YES;
				CLANG_WARN_UNGUARDED_AVAILABILITY = YES_AGGRESSIVE;
				CLANG_WARN_UNREACHABLE_CODE = YES;
				CLANG_WARN__DUPLICATE_METHOD_MATCH = YES;
				COPY_PHASE_STRIP = NO;
				DEBUG_INFORMATION_FORMAT = "dwarf-with-dsym";
				ENABLE_NS_ASSERTIONS = NO;
				ENABLE_STRICT_OBJC_MSGSEND = YES;
				GCC_C_LANGUAGE_STANDARD = gnu11;
				GCC_NO_COMMON_BLOCKS = YES;
				GCC_WARN_64_TO_32_BIT_CONVERSION = YES;
				GCC_WARN_ABOUT_RETURN_TYPE = YES_ERROR;
				GCC_WARN_UNDECLARED_SELECTOR = YES;
				GCC_WARN_UNINITIALIZED_AUTOS = YES_AGGRESSIVE;
				GCC_WARN_UNUSED_FUNCTION = YES;
				GCC_WARN_UNUSED_VARIABLE = YES;
				IPHONEOS_DEPLOYMENT_TARGET = 14.1;
				MTL_ENABLE_DEBUG_INFO = NO;
				MTL_FAST_MATH = YES;
				SDKROOT = iphoneos;
				SWIFT_COMPILATION_MODE = wholemodule;
				SWIFT_OPTIMIZATION_LEVEL = "-O";
				VALIDATE_PRODUCT = YES;
			};
			name = Release;
		};
		1CB4869726F8EE1100A4D469 /* Debug */ = {
			isa = XCBuildConfiguration;
			baseConfigurationReference = F17537894073F7B7FA55A122 /* Pods-counselor_assistant.debug.xcconfig */;
			buildSettings = {
				ASSETCATALOG_COMPILER_APPICON_NAME = AppIcon;
				ASSETCATALOG_COMPILER_GLOBAL_ACCENT_COLOR_NAME = AccentColor;
				CODE_SIGN_STYLE = Automatic;
				DEVELOPMENT_TEAM = NF3X59GM65;
				INFOPLIST_FILE = counselor_assistant/Info.plist;
				LD_RUNPATH_SEARCH_PATHS = (
					"$(inherited)",
					"@executable_path/Frameworks",
				);
				PRODUCT_BUNDLE_IDENTIFIER = com.mountainCounseling.counselorAssistant;
				PRODUCT_NAME = "$(TARGET_NAME)";
				SWIFT_VERSION = 5.0;
				TARGETED_DEVICE_FAMILY = "1,2";
			};
			name = Debug;
		};
		1CB4869826F8EE1100A4D469 /* Release */ = {
			isa = XCBuildConfiguration;
			baseConfigurationReference = 16B2EBE82D72238F1DE7868D /* Pods-counselor_assistant.release.xcconfig */;
			buildSettings = {
				ASSETCATALOG_COMPILER_APPICON_NAME = AppIcon;
				ASSETCATALOG_COMPILER_GLOBAL_ACCENT_COLOR_NAME = AccentColor;
				CODE_SIGN_STYLE = Automatic;
				DEVELOPMENT_TEAM = NF3X59GM65;
				INFOPLIST_FILE = counselor_assistant/Info.plist;
				LD_RUNPATH_SEARCH_PATHS = (
					"$(inherited)",
					"@executable_path/Frameworks",
				);
				PRODUCT_BUNDLE_IDENTIFIER = com.mountainCounseling.counselorAssistant;
				PRODUCT_NAME = "$(TARGET_NAME)";
				SWIFT_VERSION = 5.0;
				TARGETED_DEVICE_FAMILY = "1,2";
			};
			name = Release;
		};
		1CB4869A26F8EE1100A4D469 /* Debug */ = {
			isa = XCBuildConfiguration;
			baseConfigurationReference = 46057039AB9C79C668994C01 /* Pods-counselor_assistantTests.debug.xcconfig */;
			buildSettings = {
				ALWAYS_EMBED_SWIFT_STANDARD_LIBRARIES = YES;
				BUNDLE_LOADER = "$(TEST_HOST)";
				CODE_SIGN_STYLE = Automatic;
				INFOPLIST_FILE = counselor_assistantTests/Info.plist;
				IPHONEOS_DEPLOYMENT_TARGET = 14.5;
				LD_RUNPATH_SEARCH_PATHS = (
					"$(inherited)",
					"@executable_path/Frameworks",
					"@loader_path/Frameworks",
				);
				PRODUCT_BUNDLE_IDENTIFIER = "edu.usc.mountain-trojans.counselor-assistantTests";
				PRODUCT_NAME = "$(TARGET_NAME)";
				SWIFT_VERSION = 5.0;
				TARGETED_DEVICE_FAMILY = "1,2";
				TEST_HOST = "$(BUILT_PRODUCTS_DIR)/counselor_assistant.app/counselor_assistant";
			};
			name = Debug;
		};
		1CB4869B26F8EE1100A4D469 /* Release */ = {
			isa = XCBuildConfiguration;
			baseConfigurationReference = 645F2F44FD052CF48D259B60 /* Pods-counselor_assistantTests.release.xcconfig */;
			buildSettings = {
				ALWAYS_EMBED_SWIFT_STANDARD_LIBRARIES = YES;
				BUNDLE_LOADER = "$(TEST_HOST)";
				CODE_SIGN_STYLE = Automatic;
				INFOPLIST_FILE = counselor_assistantTests/Info.plist;
				IPHONEOS_DEPLOYMENT_TARGET = 14.5;
				LD_RUNPATH_SEARCH_PATHS = (
					"$(inherited)",
					"@executable_path/Frameworks",
					"@loader_path/Frameworks",
				);
				PRODUCT_BUNDLE_IDENTIFIER = "edu.usc.mountain-trojans.counselor-assistantTests";
				PRODUCT_NAME = "$(TARGET_NAME)";
				SWIFT_VERSION = 5.0;
				TARGETED_DEVICE_FAMILY = "1,2";
				TEST_HOST = "$(BUILT_PRODUCTS_DIR)/counselor_assistant.app/counselor_assistant";
			};
			name = Release;
		};
		1CB4869D26F8EE1100A4D469 /* Debug */ = {
			isa = XCBuildConfiguration;
			baseConfigurationReference = A08DE76E122548A29C2F626C /* Pods-counselor_assistant-counselor_assistantUITests.debug.xcconfig */;
			buildSettings = {
				ALWAYS_EMBED_SWIFT_STANDARD_LIBRARIES = YES;
				CODE_SIGN_STYLE = Automatic;
				INFOPLIST_FILE = counselor_assistantUITests/Info.plist;
				LD_RUNPATH_SEARCH_PATHS = (
					"$(inherited)",
					"@executable_path/Frameworks",
					"@loader_path/Frameworks",
				);
				PRODUCT_BUNDLE_IDENTIFIER = "edu.usc.mountain-trojans.counselor-assistantUITests";
				PRODUCT_NAME = "$(TARGET_NAME)";
				SWIFT_VERSION = 5.0;
				TARGETED_DEVICE_FAMILY = "1,2";
				TEST_TARGET_NAME = counselor_assistant;
			};
			name = Debug;
		};
		1CB4869E26F8EE1100A4D469 /* Release */ = {
			isa = XCBuildConfiguration;
			baseConfigurationReference = 966D5710AC5C99A5B7BA7B06 /* Pods-counselor_assistant-counselor_assistantUITests.release.xcconfig */;
			buildSettings = {
				ALWAYS_EMBED_SWIFT_STANDARD_LIBRARIES = YES;
				CODE_SIGN_STYLE = Automatic;
				INFOPLIST_FILE = counselor_assistantUITests/Info.plist;
				LD_RUNPATH_SEARCH_PATHS = (
					"$(inherited)",
					"@executable_path/Frameworks",
					"@loader_path/Frameworks",
				);
				PRODUCT_BUNDLE_IDENTIFIER = "edu.usc.mountain-trojans.counselor-assistantUITests";
				PRODUCT_NAME = "$(TARGET_NAME)";
				SWIFT_VERSION = 5.0;
				TARGETED_DEVICE_FAMILY = "1,2";
				TEST_TARGET_NAME = counselor_assistant;
			};
			name = Release;
		};
/* End XCBuildConfiguration section */

/* Begin XCConfigurationList section */
		1CB4866726F8EE0F00A4D469 /* Build configuration list for PBXProject "counselor_assistant" */ = {
			isa = XCConfigurationList;
			buildConfigurations = (
				1CB4869426F8EE1100A4D469 /* Debug */,
				1CB4869526F8EE1100A4D469 /* Release */,
			);
			defaultConfigurationIsVisible = 0;
			defaultConfigurationName = Release;
		};
		1CB4869626F8EE1100A4D469 /* Build configuration list for PBXNativeTarget "counselor_assistant" */ = {
			isa = XCConfigurationList;
			buildConfigurations = (
				1CB4869726F8EE1100A4D469 /* Debug */,
				1CB4869826F8EE1100A4D469 /* Release */,
			);
			defaultConfigurationIsVisible = 0;
			defaultConfigurationName = Release;
		};
		1CB4869926F8EE1100A4D469 /* Build configuration list for PBXNativeTarget "counselor_assistantTests" */ = {
			isa = XCConfigurationList;
			buildConfigurations = (
				1CB4869A26F8EE1100A4D469 /* Debug */,
				1CB4869B26F8EE1100A4D469 /* Release */,
			);
			defaultConfigurationIsVisible = 0;
			defaultConfigurationName = Release;
		};
		1CB4869C26F8EE1100A4D469 /* Build configuration list for PBXNativeTarget "counselor_assistantUITests" */ = {
			isa = XCConfigurationList;
			buildConfigurations = (
				1CB4869D26F8EE1100A4D469 /* Debug */,
				1CB4869E26F8EE1100A4D469 /* Release */,
			);
			defaultConfigurationIsVisible = 0;
			defaultConfigurationName = Release;
		};
/* End XCConfigurationList section */
	};
	rootObject = 1CB4866426F8EE0F00A4D469 /* Project object */;
}
